
Microsoft Visual Studio Solution File, Format Version 12.00
# Visual Studio Version 16
VisualStudioVersion = 16.0.31729.503
MinimumVisualStudioVersion = 10.0.40219.1
Project("{FAE04EC0-301F-11D3-BF4B-00C04F79EFBC}") = "Kariyer", "Kariyer\Kariyer.csproj", "{9B9DABC8-0AFF-42C2-BA25-8D4DC32469CB}"
EndProject
Global
	GlobalSection(SolutionConfigurationPlatforms) = preSolution
		Debug|Any CPU = Debug|Any CPU
		Release|Any CPU = Release|Any CPU
	EndGlobalSection
	GlobalSection(ProjectConfigurationPlatforms) = postSolution
		{9B9DABC8-0AFF-42C2-BA25-8D4DC32469CB}.Debug|Any CPU.ActiveCfg = Debug|Any CPU
		{9B9DABC8-0AFF-42C2-BA25-8D4DC32469CB}.Debug|Any CPU.Build.0 = Debug|Any CPU
		{9B9DABC8-0AFF-42C2-BA25-8D4DC32469CB}.Release|Any CPU.ActiveCfg = Release|Any CPU
		{9B9DABC8-0AFF-42C2-BA25-8D4DC32469CB}.Release|Any CPU.Build.0 = Release|Any CPU
	EndGlobalSection
	GlobalSection(SolutionProperties) = preSolution
		HideSolutionNode = FALSE
	EndGlobalSection
	GlobalSection(ExtensibilityGlobals) = postSolution
		SolutionGuid = {082A45E3-7F0D-40DE-951D-3F85F39997CF}
	EndGlobalSection
EndGlobal
